
Microsoft Visual Studio Solution File, Format Version 12.00
# Visual Studio Express 2012 for Windows Desktop
Project("{FAE04EC0-301F-11D3-BF4B-00C04F79EFBC}") = "RefactorDemo.Test", "RefactorDemo.Test\RefactorDemo.Test.csproj", "{A1ADB0B9-A208-4519-A6CC-BAFD30CFC47E}"
EndProject
Project("{FAE04EC0-301F-11D3-BF4B-00C04F79EFBC}") = "RefactorDemo", "RefactorDemo\RefactorDemo.csproj", "{837C57C3-067E-4AC9-9989-BB3FED16BFC8}"
EndProject
Global
	GlobalSection(SolutionConfigurationPlatforms) = preSolution
		Debug|Any CPU = Debug|Any CPU
		Release|Any CPU = Release|Any CPU
	EndGlobalSection
	GlobalSection(ProjectConfigurationPlatforms) = postSolution
		{A1ADB0B9-A208-4519-A6CC-BAFD30CFC47E}.Debug|Any CPU.ActiveCfg = Debug|Any CPU
		{A1ADB0B9-A208-4519-A6CC-BAFD30CFC47E}.Debug|Any CPU.Build.0 = Debug|Any CPU
		{A1ADB0B9-A208-4519-A6CC-BAFD30CFC47E}.Release|Any CPU.ActiveCfg = Release|Any CPU
		{A1ADB0B9-A208-4519-A6CC-BAFD30CFC47E}.Release|Any CPU.Build.0 = Release|Any CPU
		{837C57C3-067E-4AC9-9989-BB3FED16BFC8}.Debug|Any CPU.ActiveCfg = Debug|Any CPU
		{837C57C3-067E-4AC9-9989-BB3FED16BFC8}.Debug|Any CPU.Build.0 = Debug|Any CPU
		{837C57C3-067E-4AC9-9989-BB3FED16BFC8}.Release|Any CPU.ActiveCfg = Release|Any CPU
		{837C57C3-067E-4AC9-9989-BB3FED16BFC8}.Release|Any CPU.Build.0 = Release|Any CPU
	EndGlobalSection
	GlobalSection(SolutionProperties) = preSolution
		HideSolutionNode = FALSE
	EndGlobalSection
EndGlobal
